
Microsoft Visual Studio Solution File, Format Version 12.00
# Visual Studio 14
VisualStudioVersion = 14.0.24720.0
MinimumVisualStudioVersion = 10.0.40219.1
Project("{FAE04EC0-301F-11D3-BF4B-00C04F79EFBC}") = "复习", "复习\复习.csproj", "{B6069853-91A3-4863-9E06-84BED9F1FADB}"
EndProject
Project("{FAE04EC0-301F-11D3-BF4B-00C04F79EFBC}") = "CaterUI", "CaterUI\CaterUI.csproj", "{98CE6916-2A93-4D93-8073-AA8B652A2E26}"
EndProject
Project("{FAE04EC0-301F-11D3-BF4B-00C04F79EFBC}") = "CaterBll", "CaterBll\CaterBll.csproj", "{36D308E5-0E3B-4AE9-9B1E-8BD0DA9EDDB3}"
EndProject
Project("{FAE04EC0-301F-11D3-BF4B-00C04F79EFBC}") = "CaterDal", "CaterDal\CaterDal.csproj", "{E2F7DF3F-F289-422D-8127-AE2A303CF668}"
EndProject
Project("{FAE04EC0-301F-11D3-BF4B-00C04F79EFBC}") = "CaterModel", "CaterModel\CaterModel.csproj", "{7A45E89C-3AF6-42BB-BE56-E52DCDD959A1}"
EndProject
Project("{FAE04EC0-301F-11D3-BF4B-00C04F79EFBC}") = "CaterCommon", "CaterCommon\CaterCommon.csproj", "{D3CB3F66-4218-4A6E-AD1C-E347F6F4ED6C}"
EndProject
Global
	GlobalSection(SolutionConfigurationPlatforms) = preSolution
		Debug|Any CPU = Debug|Any CPU
		Release|Any CPU = Release|Any CPU
	EndGlobalSection
	GlobalSection(ProjectConfigurationPlatforms) = postSolution
		{B6069853-91A3-4863-9E06-84BED9F1FADB}.Debug|Any CPU.ActiveCfg = Debug|Any CPU
		{B6069853-91A3-4863-9E06-84BED9F1FADB}.Debug|Any CPU.Build.0 = Debug|Any CPU
		{B6069853-91A3-4863-9E06-84BED9F1FADB}.Release|Any CPU.ActiveCfg = Release|Any CPU
		{B6069853-91A3-4863-9E06-84BED9F1FADB}.Release|Any CPU.Build.0 = Release|Any CPU
		{98CE6916-2A93-4D93-8073-AA8B652A2E26}.Debug|Any CPU.ActiveCfg = Debug|Any CPU
		{98CE6916-2A93-4D93-8073-AA8B652A2E26}.Debug|Any CPU.Build.0 = Debug|Any CPU
		{98CE6916-2A93-4D93-8073-AA8B652A2E26}.Release|Any CPU.ActiveCfg = Release|Any CPU
		{98CE6916-2A93-4D93-8073-AA8B652A2E26}.Release|Any CPU.Build.0 = Release|Any CPU
		{36D308E5-0E3B-4AE9-9B1E-8BD0DA9EDDB3}.Debug|Any CPU.ActiveCfg = Debug|Any CPU
		{36D308E5-0E3B-4AE9-9B1E-8BD0DA9EDDB3}.Debug|Any CPU.Build.0 = Debug|Any CPU
		{36D308E5-0E3B-4AE9-9B1E-8BD0DA9EDDB3}.Release|Any CPU.ActiveCfg = Release|Any CPU
		{36D308E5-0E3B-4AE9-9B1E-8BD0DA9EDDB3}.Release|Any CPU.Build.0 = Release|Any CPU
		{E2F7DF3F-F289-422D-8127-AE2A303CF668}.Debug|Any CPU.ActiveCfg = Debug|Any CPU
		{E2F7DF3F-F289-422D-8127-AE2A303CF668}.Debug|Any CPU.Build.0 = Debug|Any CPU
		{E2F7DF3F-F289-422D-8127-AE2A303CF668}.Release|Any CPU.ActiveCfg = Release|Any CPU
		{E2F7DF3F-F289-422D-8127-AE2A303CF668}.Release|Any CPU.Build.0 = Release|Any CPU
		{7A45E89C-3AF6-42BB-BE56-E52DCDD959A1}.Debug|Any CPU.ActiveCfg = Debug|Any CPU
		{7A45E89C-3AF6-42BB-BE56-E52DCDD959A1}.Debug|Any CPU.Build.0 = Debug|Any CPU
		{7A45E89C-3AF6-42BB-BE56-E52DCDD959A1}.Release|Any CPU.ActiveCfg = Release|Any CPU
		{7A45E89C-3AF6-42BB-BE56-E52DCDD959A1}.Release|Any CPU.Build.0 = Release|Any CPU
		{D3CB3F66-4218-4A6E-AD1C-E347F6F4ED6C}.Debug|Any CPU.ActiveCfg = Debug|Any CPU
		{D3CB3F66-4218-4A6E-AD1C-E347F6F4ED6C}.Debug|Any CPU.Build.0 = Debug|Any CPU
		{D3CB3F66-4218-4A6E-AD1C-E347F6F4ED6C}.Release|Any CPU.ActiveCfg = Release|Any CPU
		{D3CB3F66-4218-4A6E-AD1C-E347F6F4ED6C}.Release|Any CPU.Build.0 = Release|Any CPU
	EndGlobalSection
	GlobalSection(SolutionProperties) = preSolution
		HideSolutionNode = FALSE
	EndGlobalSection
EndGlobal
